
Microsoft Visual Studio Solution File, Format Version 12.00
# Visual Studio 15
VisualStudioVersion = 15.0.27130.2027
MinimumVisualStudioVersion = 10.0.40219.1
Project("{FAE04EC0-301F-11D3-BF4B-00C04F79EFBC}") = "KubeahChat_Update", "KubeahChat_Update\KubeahChat_Update.csproj", "{412E0603-8151-499B-B607-05B5F0F7DB30}"
EndProject
Global
	GlobalSection(SolutionConfigurationPlatforms) = preSolution
		Debug|Any CPU = Debug|Any CPU
		Release|Any CPU = Release|Any CPU
	EndGlobalSection
	GlobalSection(ProjectConfigurationPlatforms) = postSolution
		{412E0603-8151-499B-B607-05B5F0F7DB30}.Debug|Any CPU.ActiveCfg = Debug|Any CPU
		{412E0603-8151-499B-B607-05B5F0F7DB30}.Debug|Any CPU.Build.0 = Debug|Any CPU
		{412E0603-8151-499B-B607-05B5F0F7DB30}.Release|Any CPU.ActiveCfg = Release|Any CPU
		{412E0603-8151-499B-B607-05B5F0F7DB30}.Release|Any CPU.Build.0 = Release|Any CPU
	EndGlobalSection
	GlobalSection(SolutionProperties) = preSolution
		HideSolutionNode = FALSE
	EndGlobalSection
	GlobalSection(ExtensibilityGlobals) = postSolution
		SolutionGuid = {A2FDF0B3-CE71-45E4-BF3D-E6BC9A91688D}
	EndGlobalSection
EndGlobal
